
Microsoft Visual Studio Solution File, Format Version 12.00
# Visual Studio Version 17
VisualStudioVersion = 17.8.34525.116
MinimumVisualStudioVersion = 10.0.40219.1
Project("{9A19103F-16F7-4668-BE54-9A1E7A4F7556}") = "SpecFlowProjectMars2", "SpecFlowProjectMars2.csproj", "{B8DC9C5E-450A-4106-8D42-C2BDFFC6DBA0}"
EndProject
Global
	GlobalSection(SolutionConfigurationPlatforms) = preSolution
		Debug|Any CPU = Debug|Any CPU
		Release|Any CPU = Release|Any CPU
	EndGlobalSection
	GlobalSection(ProjectConfigurationPlatforms) = postSolution
		{B8DC9C5E-450A-4106-8D42-C2BDFFC6DBA0}.Debug|Any CPU.ActiveCfg = Debug|Any CPU
		{B8DC9C5E-450A-4106-8D42-C2BDFFC6DBA0}.Debug|Any CPU.Build.0 = Debug|Any CPU
		{B8DC9C5E-450A-4106-8D42-C2BDFFC6DBA0}.Release|Any CPU.ActiveCfg = Release|Any CPU
		{B8DC9C5E-450A-4106-8D42-C2BDFFC6DBA0}.Release|Any CPU.Build.0 = Release|Any CPU
	EndGlobalSection
	GlobalSection(SolutionProperties) = preSolution
		HideSolutionNode = FALSE
	EndGlobalSection
	GlobalSection(ExtensibilityGlobals) = postSolution
		SolutionGuid = {83C0E0D9-5408-46B6-A9DA-F3E36AFEEBB4}
	EndGlobalSection
EndGlobal
